
Microsoft Visual Studio Solution File, Format Version 12.00
# Visual Studio Version 17
VisualStudioVersion = 17.11.35222.181
MinimumVisualStudioVersion = 10.0.40219.1
Project("{8BC9CEB8-8B4A-11D0-8D11-00A0C91BC942}") = "Prj01", "Prj01\Prj01.vcxproj", "{09751C19-2CA0-41EE-AFB0-E467F1FB916B}"
EndProject
Project("{8BC9CEB8-8B4A-11D0-8D11-00A0C91BC942}") = "Prj02", "Prj02\Prj02.vcxproj", "{8424A1C2-4599-43DD-87A7-E9C7769D3E1F}"
EndProject
Project("{8BC9CEB8-8B4A-11D0-8D11-00A0C91BC942}") = "Prj03", "Prj03\Prj03.vcxproj", "{D92E65AC-0B35-4DDD-A92D-3FABA27456D2}"
EndProject
Project("{8BC9CEB8-8B4A-11D0-8D11-00A0C91BC942}") = "Prj04", "Prj04\Prj04.vcxproj", "{2CBCD4F6-EFB5-48F0-9F4B-8C147E6CFD5D}"
EndProject
Project("{8BC9CEB8-8B4A-11D0-8D11-00A0C91BC942}") = "Prj05", "Prj05\Prj05.vcxproj", "{FDDD0855-B18B-43AB-8BCE-A72087C316E2}"
EndProject
Project("{8BC9CEB8-8B4A-11D0-8D11-00A0C91BC942}") = "Prj06", "Prj06\Prj06.vcxproj", "{A60242E7-0FC0-4FAD-97C4-BF88D6E43865}"
EndProject
Project("{8BC9CEB8-8B4A-11D0-8D11-00A0C91BC942}") = "Prj07", "Prj07\Prj07.vcxproj", "{D235DBA0-EAA4-4569-9CC7-2CB367233952}"
EndProject
Project("{8BC9CEB8-8B4A-11D0-8D11-00A0C91BC942}") = "Prj08", "Prj08\Prj08.vcxproj", "{5711F75F-F3BF-44F2-B8F9-7623420168AF}"
EndProject
Project("{8BC9CEB8-8B4A-11D0-8D11-00A0C91BC942}") = "Prj09", "Prj09\Prj09.vcxproj", "{E0477B54-A38B-495B-870B-2CFDB63AA25D}"
EndProject
Project("{8BC9CEB8-8B4A-11D0-8D11-00A0C91BC942}") = "Prj10", "Prj10\Prj10.vcxproj", "{6FF928CD-3E33-4AFD-8796-DD0E6D4E971E}"
EndProject
Project("{8BC9CEB8-8B4A-11D0-8D11-00A0C91BC942}") = "Prj11", "Prj11\Prj11.vcxproj", "{BBF54CE8-CFAD-4454-BEF6-55511645074A}"
EndProject
Project("{8BC9CEB8-8B4A-11D0-8D11-00A0C91BC942}") = "Prj12", "Prj12\Prj12.vcxproj", "{0AE44D4A-FBC2-41A6-83DD-DCA831DEF6B3}"
EndProject
Global
	GlobalSection(SolutionConfigurationPlatforms) = preSolution
		Debug|x64 = Debug|x64
		Debug|x86 = Debug|x86
		Release|x64 = Release|x64
		Release|x86 = Release|x86
	EndGlobalSection
	GlobalSection(ProjectConfigurationPlatforms) = postSolution
		{09751C19-2CA0-41EE-AFB0-E467F1FB916B}.Debug|x64.ActiveCfg = Debug|x64
		{09751C19-2CA0-41EE-AFB0-E467F1FB916B}.Debug|x64.Build.0 = Debug|x64
		{09751C19-2CA0-41EE-AFB0-E467F1FB916B}.Debug|x86.ActiveCfg = Debug|Win32
		{09751C19-2CA0-41EE-AFB0-E467F1FB916B}.Debug|x86.Build.0 = Debug|Win32
		{09751C19-2CA0-41EE-AFB0-E467F1FB916B}.Release|x64.ActiveCfg = Release|x64
		{09751C19-2CA0-41EE-AFB0-E467F1FB916B}.Release|x64.Build.0 = Release|x64
		{09751C19-2CA0-41EE-AFB0-E467F1FB916B}.Release|x86.ActiveCfg = Release|Win32
		{09751C19-2CA0-41EE-AFB0-E467F1FB916B}.Release|x86.Build.0 = Release|Win32
		{8424A1C2-4599-43DD-87A7-E9C7769D3E1F}.Debug|x64.ActiveCfg = Debug|x64
		{8424A1C2-4599-43DD-87A7-E9C7769D3E1F}.Debug|x64.Build.0 = Debug|x64
		{8424A1C2-4599-43DD-87A7-E9C7769D3E1F}.Debug|x86.ActiveCfg = Debug|Win32
		{8424A1C2-4599-43DD-87A7-E9C7769D3E1F}.Debug|x86.Build.0 = Debug|Win32
		{8424A1C2-4599-43DD-87A7-E9C7769D3E1F}.Release|x64.ActiveCfg = Release|x64
		{8424A1C2-4599-43DD-87A7-E9C7769D3E1F}.Release|x64.Build.0 = Release|x64
		{8424A1C2-4599-43DD-87A7-E9C7769D3E1F}.Release|x86.ActiveCfg = Release|Win32
		{8424A1C2-4599-43DD-87A7-E9C7769D3E1F}.Release|x86.Build.0 = Release|Win32
		{D92E65AC-0B35-4DDD-A92D-3FABA27456D2}.Debug|x64.ActiveCfg = Debug|x64
		{D92E65AC-0B35-4DDD-A92D-3FABA27456D2}.Debug|x64.Build.0 = Debug|x64
		{D92E65AC-0B35-4DDD-A92D-3FABA27456D2}.Debug|x86.ActiveCfg = Debug|Win32
		{D92E65AC-0B35-4DDD-A92D-3FABA27456D2}.Debug|x86.Build.0 = Debug|Win32
		{D92E65AC-0B35-4DDD-A92D-3FABA27456D2}.Release|x64.ActiveCfg = Release|x64
		{D92E65AC-0B35-4DDD-A92D-3FABA27456D2}.Release|x64.Build.0 = Release|x64
		{D92E65AC-0B35-4DDD-A92D-3FABA27456D2}.Release|x86.ActiveCfg = Release|Win32
		{D92E65AC-0B35-4DDD-A92D-3FABA27456D2}.Release|x86.Build.0 = Release|Win32
		{2CBCD4F6-EFB5-48F0-9F4B-8C147E6CFD5D}.Debug|x64.ActiveCfg = Debug|x64
		{2CBCD4F6-EFB5-48F0-9F4B-8C147E6CFD5D}.Debug|x64.Build.0 = Debug|x64
		{2CBCD4F6-EFB5-48F0-9F4B-8C147E6CFD5D}.Debug|x86.ActiveCfg = Debug|Win32
		{2CBCD4F6-EFB5-48F0-9F4B-8C147E6CFD5D}.Debug|x86.Build.0 = Debug|Win32
		{2CBCD4F6-EFB5-48F0-9F4B-8C147E6CFD5D}.Release|x64.ActiveCfg = Release|x64
		{2CBCD4F6-EFB5-48F0-9F4B-8C147E6CFD5D}.Release|x64.Build.0 = Release|x64
		{2CBCD4F6-EFB5-48F0-9F4B-8C147E6CFD5D}.Release|x86.ActiveCfg = Release|Win32
		{2CBCD4F6-EFB5-48F0-9F4B-8C147E6CFD5D}.Release|x86.Build.0 = Release|Win32
		{FDDD0855-B18B-43AB-8BCE-A72087C316E2}.Debug|x64.ActiveCfg = Debug|x64
		{FDDD0855-B18B-43AB-8BCE-A72087C316E2}.Debug|x64.Build.0 = Debug|x64
		{FDDD0855-B18B-43AB-8BCE-A72087C316E2}.Debug|x86.ActiveCfg = Debug|Win32
		{FDDD0855-B18B-43AB-8BCE-A72087C316E2}.Debug|x86.Build.0 = Debug|Win32
		{FDDD0855-B18B-43AB-8BCE-A72087C316E2}.Release|x64.ActiveCfg = Release|x64
		{FDDD0855-B18B-43AB-8BCE-A72087C316E2}.Release|x64.Build.0 = Release|x64
		{FDDD0855-B18B-43AB-8BCE-A72087C316E2}.Release|x86.ActiveCfg = Release|Win32
		{FDDD0855-B18B-43AB-8BCE-A72087C316E2}.Release|x86.Build.0 = Release|Win32
		{A60242E7-0FC0-4FAD-97C4-BF88D6E43865}.Debug|x64.ActiveCfg = Debug|x64
		{A60242E7-0FC0-4FAD-97C4-BF88D6E43865}.Debug|x64.Build.0 = Debug|x64
		{A60242E7-0FC0-4FAD-97C4-BF88D6E43865}.Debug|x86.ActiveCfg = Debug|Win32
		{A60242E7-0FC0-4FAD-97C4-BF88D6E43865}.Debug|x86.Build.0 = Debug|Win32
		{A60242E7-0FC0-4FAD-97C4-BF88D6E43865}.Release|x64.ActiveCfg = Release|x64
		{A60242E7-0FC0-4FAD-97C4-BF88D6E43865}.Release|x64.Build.0 = Release|x64
		{A60242E7-0FC0-4FAD-97C4-BF88D6E43865}.Release|x86.ActiveCfg = Release|Win32
		{A60242E7-0FC0-4FAD-97C4-BF88D6E43865}.Release|x86.Build.0 = Release|Win32
		{D235DBA0-EAA4-4569-9CC7-2CB367233952}.Debug|x64.ActiveCfg = Debug|x64
		{D235DBA0-EAA4-4569-9CC7-2CB367233952}.Debug|x64.Build.0 = Debug|x64
		{D235DBA0-EAA4-4569-9CC7-2CB367233952}.Debug|x86.ActiveCfg = Debug|Win32
		{D235DBA0-EAA4-4569-9CC7-2CB367233952}.Debug|x86.Build.0 = Debug|Win32
		{D235DBA0-EAA4-4569-9CC7-2CB367233952}.Release|x64.ActiveCfg = Release|x64
		{D235DBA0-EAA4-4569-9CC7-2CB367233952}.Release|x64.Build.0 = Release|x64
		{D235DBA0-EAA4-4569-9CC7-2CB367233952}.Release|x86.ActiveCfg = Release|Win32
		{D235DBA0-EAA4-4569-9CC7-2CB367233952}.Release|x86.Build.0 = Release|Win32
		{5711F75F-F3BF-44F2-B8F9-7623420168AF}.Debug|x64.ActiveCfg = Debug|x64
		{5711F75F-F3BF-44F2-B8F9-7623420168AF}.Debug|x64.Build.0 = Debug|x64
		{5711F75F-F3BF-44F2-B8F9-7623420168AF}.Debug|x86.ActiveCfg = Debug|Win32
		{5711F75F-F3BF-44F2-B8F9-7623420168AF}.Debug|x86.Build.0 = Debug|Win32
		{5711F75F-F3BF-44F2-B8F9-7623420168AF}.Release|x64.ActiveCfg = Release|x64
		{5711F75F-F3BF-44F2-B8F9-7623420168AF}.Release|x64.Build.0 = Release|x64
		{5711F75F-F3BF-44F2-B8F9-7623420168AF}.Release|x86.ActiveCfg = Release|Win32
		{5711F75F-F3BF-44F2-B8F9-7623420168AF}.Release|x86.Build.0 = Release|Win32
		{E0477B54-A38B-495B-870B-2CFDB63AA25D}.Debug|x64.ActiveCfg = Debug|x64
		{E0477B54-A38B-495B-870B-2CFDB63AA25D}.Debug|x64.Build.0 = Debug|x64
		{E0477B54-A38B-495B-870B-2CFDB63AA25D}.Debug|x86.ActiveCfg = Debug|Win32
		{E0477B54-A38B-495B-870B-2CFDB63AA25D}.Debug|x86.Build.0 = Debug|Win32
		{E0477B54-A38B-495B-870B-2CFDB63AA25D}.Release|x64.ActiveCfg = Release|x64
		{E0477B54-A38B-495B-870B-2CFDB63AA25D}.Release|x64.Build.0 = Release|x64
		{E0477B54-A38B-495B-870B-2CFDB63AA25D}.Release|x86.ActiveCfg = Release|Win32
		{E0477B54-A38B-495B-870B-2CFDB63AA25D}.Release|x86.Build.0 = Release|Win32
		{6FF928CD-3E33-4AFD-8796-DD0E6D4E971E}.Debug|x64.ActiveCfg = Debug|x64
		{6FF928CD-3E33-4AFD-8796-DD0E6D4E971E}.Debug|x64.Build.0 = Debug|x64
		{6FF928CD-3E33-4AFD-8796-DD0E6D4E971E}.Debug|x86.ActiveCfg = Debug|Win32
		{6FF928CD-3E33-4AFD-8796-DD0E6D4E971E}.Debug|x86.Build.0 = Debug|Win32
		{6FF928CD-3E33-4AFD-8796-DD0E6D4E971E}.Release|x64.ActiveCfg = Release|x64
		{6FF928CD-3E33-4AFD-8796-DD0E6D4E971E}.Release|x64.Build.0 = Release|x64
		{6FF928CD-3E33-4AFD-8796-DD0E6D4E971E}.Release|x86.ActiveCfg = Release|Win32
		{6FF928CD-3E33-4AFD-8796-DD0E6D4E971E}.Release|x86.Build.0 = Release|Win32
		{BBF54CE8-CFAD-4454-BEF6-55511645074A}.Debug|x64.ActiveCfg = Debug|x64
		{BBF54CE8-CFAD-4454-BEF6-55511645074A}.Debug|x64.Build.0 = Debug|x64
		{BBF54CE8-CFAD-4454-BEF6-55511645074A}.Debug|x86.ActiveCfg = Debug|Win32
		{BBF54CE8-CFAD-4454-BEF6-55511645074A}.Debug|x86.Build.0 = Debug|Win32
		{BBF54CE8-CFAD-4454-BEF6-55511645074A}.Release|x64.ActiveCfg = Release|x64
		{BBF54CE8-CFAD-4454-BEF6-55511645074A}.Release|x64.Build.0 = Release|x64
		{BBF54CE8-CFAD-4454-BEF6-55511645074A}.Release|x86.ActiveCfg = Release|Win32
		{BBF54CE8-CFAD-4454-BEF6-55511645074A}.Release|x86.Build.0 = Release|Win32
		{0AE44D4A-FBC2-41A6-83DD-DCA831DEF6B3}.Debug|x64.ActiveCfg = Debug|x64
		{0AE44D4A-FBC2-41A6-83DD-DCA831DEF6B3}.Debug|x64.Build.0 = Debug|x64
		{0AE44D4A-FBC2-41A6-83DD-DCA831DEF6B3}.Debug|x86.ActiveCfg = Debug|Win32
		{0AE44D4A-FBC2-41A6-83DD-DCA831DEF6B3}.Debug|x86.Build.0 = Debug|Win32
		{0AE44D4A-FBC2-41A6-83DD-DCA831DEF6B3}.Release|x64.ActiveCfg = Release|x64
		{0AE44D4A-FBC2-41A6-83DD-DCA831DEF6B3}.Release|x64.Build.0 = Release|x64
		{0AE44D4A-FBC2-41A6-83DD-DCA831DEF6B3}.Release|x86.ActiveCfg = Release|Win32
		{0AE44D4A-FBC2-41A6-83DD-DCA831DEF6B3}.Release|x86.Build.0 = Release|Win32
	EndGlobalSection
	GlobalSection(SolutionProperties) = preSolution
		HideSolutionNode = FALSE
	EndGlobalSection
	GlobalSection(ExtensibilityGlobals) = postSolution
		SolutionGuid = {91EF34EC-07F9-4D2D-9825-24285BFEAE41}
	EndGlobalSection
EndGlobal
